
Microsoft Visual Studio Solution File, Format Version 12.00
# Visual Studio 15
VisualStudioVersion = 15.0.27703.2035
MinimumVisualStudioVersion = 10.0.40219.1
Project("{FAE04EC0-301F-11D3-BF4B-00C04F79EFBC}") = "AnalYourCode.CS", "AnalYourCode.CS\AnalYourCode.CS.csproj", "{3601D830-1D3F-45B6-B57F-821656848389}"
EndProject
Global
	GlobalSection(SolutionConfigurationPlatforms) = preSolution
		Debug|Any CPU = Debug|Any CPU
		Release|Any CPU = Release|Any CPU
	EndGlobalSection
	GlobalSection(ProjectConfigurationPlatforms) = postSolution
		{3601D830-1D3F-45B6-B57F-821656848389}.Debug|Any CPU.ActiveCfg = Debug|Any CPU
		{3601D830-1D3F-45B6-B57F-821656848389}.Debug|Any CPU.Build.0 = Debug|Any CPU
		{3601D830-1D3F-45B6-B57F-821656848389}.Release|Any CPU.ActiveCfg = Release|Any CPU
		{3601D830-1D3F-45B6-B57F-821656848389}.Release|Any CPU.Build.0 = Release|Any CPU
	EndGlobalSection
	GlobalSection(SolutionProperties) = preSolution
		HideSolutionNode = FALSE
	EndGlobalSection
	GlobalSection(ExtensibilityGlobals) = postSolution
		SolutionGuid = {C21DC14A-71D4-4BC6-A50F-7A82FFC7B299}
	EndGlobalSection
EndGlobal
